
Microsoft Visual Studio Solution File, Format Version 12.00
# Visual Studio Version 17
VisualStudioVersion = 17.10.35004.147
MinimumVisualStudioVersion = 10.0.40219.1
Project("{FAE04EC0-301F-11D3-BF4B-00C04F79EFBC}") = "DoublyLikedList", "DoublyLikedList\DoublyLikedList.csproj", "{BBD8BA08-9BDD-4496-8D14-1CB290EC4C8B}"
EndProject
Global
	GlobalSection(SolutionConfigurationPlatforms) = preSolution
		Debug|Any CPU = Debug|Any CPU
		Release|Any CPU = Release|Any CPU
	EndGlobalSection
	GlobalSection(ProjectConfigurationPlatforms) = postSolution
		{BBD8BA08-9BDD-4496-8D14-1CB290EC4C8B}.Debug|Any CPU.ActiveCfg = Debug|Any CPU
		{BBD8BA08-9BDD-4496-8D14-1CB290EC4C8B}.Debug|Any CPU.Build.0 = Debug|Any CPU
		{BBD8BA08-9BDD-4496-8D14-1CB290EC4C8B}.Release|Any CPU.ActiveCfg = Release|Any CPU
		{BBD8BA08-9BDD-4496-8D14-1CB290EC4C8B}.Release|Any CPU.Build.0 = Release|Any CPU
	EndGlobalSection
	GlobalSection(SolutionProperties) = preSolution
		HideSolutionNode = FALSE
	EndGlobalSection
	GlobalSection(ExtensibilityGlobals) = postSolution
		SolutionGuid = {33A51AD5-1B4E-41BC-9C7B-71937ED4AC34}
	EndGlobalSection
EndGlobal
